// !$*UTF8*$!
{
	archiveVersion = 1;
	classes = {
	};
	objectVersion = 46;
	objects = {

/* Begin PBXBuildFile section */
		B8BA4AF51468630D00A60B63 /* Foundation.framework in Frameworks */ = {isa = PBXBuildFile; fileRef = B8BA4AF41468630D00A60B63 /* Foundation.framework */; };
		B8BA4AF71468630D00A60B63 /* UIKit.framework in Frameworks */ = {isa = PBXBuildFile; fileRef = B8BA4AF61468630D00A60B63 /* UIKit.framework */; };
		B8BA4AF91468630D00A60B63 /* CoreGraphics.framework in Frameworks */ = {isa = PBXBuildFile; fileRef = B8BA4AF81468630D00A60B63 /* CoreGraphics.framework */; };
		B8BA4AFB1468630D00A60B63 /* AddressBook.framework in Frameworks */ = {isa = PBXBuildFile; fileRef = B8BA4AFA1468630D00A60B63 /* AddressBook.framework */; };
		B8BA4AFD1468630D00A60B63 /* AddressBookUI.framework in Frameworks */ = {isa = PBXBuildFile; fileRef = B8BA4AFC1468630D00A60B63 /* AddressBookUI.framework */; };
		B8BA4AFF1468630D00A60B63 /* AudioToolbox.framework in Frameworks */ = {isa = PBXBuildFile; fileRef = B8BA4AFE1468630D00A60B63 /* AudioToolbox.framework */; };
		B8BA4B011468630D00A60B63 /* AVFoundation.framework in Frameworks */ = {isa = PBXBuildFile; fileRef = B8BA4B001468630D00A60B63 /* AVFoundation.framework */; };
		B8BA4B031468630D00A60B63 /* CoreLocation.framework in Frameworks */ = {isa = PBXBuildFile; fileRef = B8BA4B021468630D00A60B63 /* CoreLocation.framework */; };
		B8BA4B051468630D00A60B63 /* MediaPlayer.framework in Frameworks */ = {isa = PBXBuildFile; fileRef = B8BA4B041468630D00A60B63 /* MediaPlayer.framework */; };
		B8BA4B071468630D00A60B63 /* QuartzCore.framework in Frameworks */ = {isa = PBXBuildFile; fileRef = B8BA4B061468630D00A60B63 /* QuartzCore.framework */; };
		B8BA4B091468630D00A60B63 /* SystemConfiguration.framework in Frameworks */ = {isa = PBXBuildFile; fileRef = B8BA4B081468630D00A60B63 /* SystemConfiguration.framework */; };
		B8BA4B0B1468630D00A60B63 /* MobileCoreServices.framework in Frameworks */ = {isa = PBXBuildFile; fileRef = B8BA4B0A1468630D00A60B63 /* MobileCoreServices.framework */; };
		B8BA4B0D1468630D00A60B63 /* CoreMedia.framework in Frameworks */ = {isa = PBXBuildFile; fileRef = B8BA4B0C1468630D00A60B63 /* CoreMedia.framework */; };
		B8BA4B131468630D00A60B63 /* InfoPlist.strings in Resources */ = {isa = PBXBuildFile; fileRef = B8BA4B111468630D00A60B63 /* InfoPlist.strings */; };
		B8BA4B151468630D00A60B63 /* main.m in Sources */ = {isa = PBXBuildFile; fileRef = B8BA4B141468630D00A60B63 /* main.m */; };
		B8BA4B181468630D00A60B63 /* PhoneGap.framework in Frameworks */ = {isa = PBXBuildFile; fileRef = B8BA4B171468630D00A60B63 /* PhoneGap.framework */; };
		B8BA4B1C1468630D00A60B63 /* icon.png in Resources */ = {isa = PBXBuildFile; fileRef = B8BA4B1B1468630D00A60B63 /* icon.png */; };
		B8BA4B1E1468630D00A60B63 /* icon@2x.png in Resources */ = {isa = PBXBuildFile; fileRef = B8BA4B1D1468630D00A60B63 /* icon@2x.png */; };
		B8BA4B201468630D00A60B63 /* icon-72.png in Resources */ = {isa = PBXBuildFile; fileRef = B8BA4B1F1468630D00A60B63 /* icon-72.png */; };
		B8BA4B231468630D00A60B63 /* Default.png in Resources */ = {isa = PBXBuildFile; fileRef = B8BA4B221468630D00A60B63 /* Default.png */; };
		B8BA4B251468630D00A60B63 /* Default@2x.png in Resources */ = {isa = PBXBuildFile; fileRef = B8BA4B241468630D00A60B63 /* Default@2x.png */; };
		B8BA4B271468630D00A60B63 /* Default~ipad.png in Resources */ = {isa = PBXBuildFile; fileRef = B8BA4B261468630D00A60B63 /* Default~ipad.png */; };
		B8BA4B291468630D00A60B63 /* Capture.bundle in Resources */ = {isa = PBXBuildFile; fileRef = B8BA4B281468630D00A60B63 /* Capture.bundle */; };
		B8BA4B2B1468630D00A60B63 /* PhoneGap.plist in Resources */ = {isa = PBXBuildFile; fileRef = B8BA4B2A1468630D00A60B63 /* PhoneGap.plist */; };
		B8BA4B2F1468630D00A60B63 /* AppDelegate.m in Sources */ = {isa = PBXBuildFile; fileRef = B8BA4B2E1468630D00A60B63 /* AppDelegate.m */; };
/* End PBXBuildFile section */

/* Begin PBXFileReference section */
		B8BA4AF01468630D00A60B63 /* tedxparis.app */ = {isa = PBXFileReference; explicitFileType = wrapper.application; includeInIndex = 0; path = tedxparis.app; sourceTree = BUILT_PRODUCTS_DIR; };
		B8BA4AF41468630D00A60B63 /* Foundation.framework */ = {isa = PBXFileReference; lastKnownFileType = wrapper.framework; name = Foundation.framework; path = System/Library/Frameworks/Foundation.framework; sourceTree = SDKROOT; };
		B8BA4AF61468630D00A60B63 /* UIKit.framework */ = {isa = PBXFileReference; lastKnownFileType = wrapper.framework; name = UIKit.framework; path = System/Library/Frameworks/UIKit.framework; sourceTree = SDKROOT; };
		B8BA4AF81468630D00A60B63 /* CoreGraphics.framework */ = {isa = PBXFileReference; lastKnownFileType = wrapper.framework; name = CoreGraphics.framework; path = System/Library/Frameworks/CoreGraphics.framework; sourceTree = SDKROOT; };
		B8BA4AFA1468630D00A60B63 /* AddressBook.framework */ = {isa = PBXFileReference; lastKnownFileType = wrapper.framework; name = AddressBook.framework; path = System/Library/Frameworks/AddressBook.framework; sourceTree = SDKROOT; };
		B8BA4AFC1468630D00A60B63 /* AddressBookUI.framework */ = {isa = PBXFileReference; lastKnownFileType = wrapper.framework; name = AddressBookUI.framework; path = System/Library/Frameworks/AddressBookUI.framework; sourceTree = SDKROOT; };
		B8BA4AFE1468630D00A60B63 /* AudioToolbox.framework */ = {isa = PBXFileReference; lastKnownFileType = wrapper.framework; name = AudioToolbox.framework; path = System/Library/Frameworks/AudioToolbox.framework; sourceTree = SDKROOT; };
		B8BA4B001468630D00A60B63 /* AVFoundation.framework */ = {isa = PBXFileReference; lastKnownFileType = wrapper.framework; name = AVFoundation.framework; path = System/Library/Frameworks/AVFoundation.framework; sourceTree = SDKROOT; };
		B8BA4B021468630D00A60B63 /* CoreLocation.framework */ = {isa = PBXFileReference; lastKnownFileType = wrapper.framework; name = CoreLocation.framework; path = System/Library/Frameworks/CoreLocation.framework; sourceTree = SDKROOT; };
		B8BA4B041468630D00A60B63 /* MediaPlayer.framework */ = {isa = PBXFileReference; lastKnownFileType = wrapper.framework; name = MediaPlayer.framework; path = System/Library/Frameworks/MediaPlayer.framework; sourceTree = SDKROOT; };
		B8BA4B061468630D00A60B63 /* QuartzCore.framework */ = {isa = PBXFileReference; lastKnownFileType = wrapper.framework; name = QuartzCore.framework; path = System/Library/Frameworks/QuartzCore.framework; sourceTree = SDKROOT; };
		B8BA4B081468630D00A60B63 /* SystemConfiguration.framework */ = {isa = PBXFileReference; lastKnownFileType = wrapper.framework; name = SystemConfiguration.framework; path = System/Library/Frameworks/SystemConfiguration.framework; sourceTree = SDKROOT; };
		B8BA4B0A1468630D00A60B63 /* MobileCoreServices.framework */ = {isa = PBXFileReference; lastKnownFileType = wrapper.framework; name = MobileCoreServices.framework; path = System/Library/Frameworks/MobileCoreServices.framework; sourceTree = SDKROOT; };
		B8BA4B0C1468630D00A60B63 /* CoreMedia.framework */ = {isa = PBXFileReference; lastKnownFileType = wrapper.framework; name = CoreMedia.framework; path = System/Library/Frameworks/CoreMedia.framework; sourceTree = SDKROOT; };
		B8BA4B101468630D00A60B63 /* tedxparis-Info.plist */ = {isa = PBXFileReference; lastKnownFileType = text.plist.xml; path = "tedxparis-Info.plist"; sourceTree = "<group>"; };
		B8BA4B121468630D00A60B63 /* en */ = {isa = PBXFileReference; lastKnownFileType = text.plist.strings; name = en; path = en.lproj/InfoPlist.strings; sourceTree = "<group>"; };
		B8BA4B141468630D00A60B63 /* main.m */ = {isa = PBXFileReference; lastKnownFileType = sourcecode.c.objc; path = main.m; sourceTree = "<group>"; };
		B8BA4B161468630D00A60B63 /* tedxparis-Prefix.pch */ = {isa = PBXFileReference; lastKnownFileType = sourcecode.c.h; path = "tedxparis-Prefix.pch"; sourceTree = "<group>"; };
		B8BA4B171468630D00A60B63 /* PhoneGap.framework */ = {isa = PBXFileReference; lastKnownFileType = wrapper.framework; name = PhoneGap.framework; path = /Users/Shared/PhoneGap/Frameworks/PhoneGap.framework; sourceTree = "<absolute>"; };
		B8BA4B1B1468630D00A60B63 /* icon.png */ = {isa = PBXFileReference; lastKnownFileType = image.png; name = icon.png; path = Resources/icons/icon.png; sourceTree = "<group>"; };
		B8BA4B1D1468630D00A60B63 /* icon@2x.png */ = {isa = PBXFileReference; lastKnownFileType = image.png; name = "icon@2x.png"; path = "Resources/icons/icon@2x.png"; sourceTree = "<group>"; };
		B8BA4B1F1468630D00A60B63 /* icon-72.png */ = {isa = PBXFileReference; lastKnownFileType = image.png; name = "icon-72.png"; path = "Resources/icons/icon-72.png"; sourceTree = "<group>"; };
		B8BA4B221468630D00A60B63 /* Default.png */ = {isa = PBXFileReference; lastKnownFileType = image.png; name = Default.png; path = Resources/splash/Default.png; sourceTree = "<group>"; };
		B8BA4B241468630D00A60B63 /* Default@2x.png */ = {isa = PBXFileReference; lastKnownFileType = image.png; name = "Default@2x.png"; path = "Resources/splash/Default@2x.png"; sourceTree = "<group>"; };
		B8BA4B261468630D00A60B63 /* Default~ipad.png */ = {isa = PBXFileReference; lastKnownFileType = image.png; name = "Default~ipad.png"; path = "Resources/splash/Default~ipad.png"; sourceTree = "<group>"; };
		B8BA4B281468630D00A60B63 /* Capture.bundle */ = {isa = PBXFileReference; lastKnownFileType = "wrapper.plug-in"; name = Capture.bundle; path = Resources/Capture.bundle; sourceTree = "<group>"; };
		B8BA4B2A1468630D00A60B63 /* PhoneGap.plist */ = {isa = PBXFileReference; lastKnownFileType = text.plist.xml; path = PhoneGap.plist; sourceTree = "<group>"; };
		B8BA4B2D1468630D00A60B63 /* AppDelegate.h */ = {isa = PBXFileReference; lastKnownFileType = sourcecode.c.h; name = AppDelegate.h; path = Classes/AppDelegate.h; sourceTree = "<group>"; };
		B8BA4B2E1468630D00A60B63 /* AppDelegate.m */ = {isa = PBXFileReference; lastKnownFileType = sourcecode.c.objc; name = AppDelegate.m; path = Classes/AppDelegate.m; sourceTree = "<group>"; };
		B8BA4B311468630D00A60B63 /* README */ = {isa = PBXFileReference; lastKnownFileType = text; name = README; path = Plugins/README; sourceTree = "<group>"; };
/* End PBXFileReference section */

/* Begin PBXFrameworksBuildPhase section */
		B8BA4AEA1468630D00A60B63 /* Frameworks */ = {
			isa = PBXFrameworksBuildPhase;
			buildActionMask = 2147483647;
			files = (
				B8BA4AF51468630D00A60B63 /* Foundation.framework in Frameworks */,
				B8BA4AF71468630D00A60B63 /* UIKit.framework in Frameworks */,
				B8BA4AF91468630D00A60B63 /* CoreGraphics.framework in Frameworks */,
				B8BA4AFB1468630D00A60B63 /* AddressBook.framework in Frameworks */,
				B8BA4AFD1468630D00A60B63 /* AddressBookUI.framework in Frameworks */,
				B8BA4AFF1468630D00A60B63 /* AudioToolbox.framework in Frameworks */,
				B8BA4B011468630D00A60B63 /* AVFoundation.framework in Frameworks */,
				B8BA4B031468630D00A60B63 /* CoreLocation.framework in Frameworks */,
				B8BA4B051468630D00A60B63 /* MediaPlayer.framework in Frameworks */,
				B8BA4B071468630D00A60B63 /* QuartzCore.framework in Frameworks */,
				B8BA4B091468630D00A60B63 /* SystemConfiguration.framework in Frameworks */,
				B8BA4B0B1468630D00A60B63 /* MobileCoreServices.framework in Frameworks */,
				B8BA4B0D1468630D00A60B63 /* CoreMedia.framework in Frameworks */,
				B8BA4B181468630D00A60B63 /* PhoneGap.framework in Frameworks */,
			);
			runOnlyForDeploymentPostprocessing = 0;
		};
		B8BA4AED1468630D00A60B63 /* Frameworks */ = {
			isa = PBXFrameworksBuildPhase;
			buildActionMask = 2147483647;
			files = (
			);
			runOnlyForDeploymentPostprocessing = 0;
		};
/* End PBXFrameworksBuildPhase section */

/* Begin PBXGroup section */
		B8BA4AE21468630D00A60B63 = {
			isa = PBXGroup;
			children = (
				B8BA4B0E1468630D00A60B63 /* tedxparis */,
				B8BA4AF31468630D00A60B63 /* Frameworks */,
				B8BA4AF11468630D00A60B63 /* Products */,
			);
			sourceTree = "<group>";
		};
		B8BA4AF11468630D00A60B63 /* Products */ = {
			isa = PBXGroup;
			children = (
				B8BA4AF01468630D00A60B63 /* tedxparis.app */,
			);
			name = Products;
			sourceTree = "<group>";
		};
		B8BA4AF31468630D00A60B63 /* Frameworks */ = {
			isa = PBXGroup;
			children = (
				B8BA4AF41468630D00A60B63 /* Foundation.framework */,
				B8BA4AF61468630D00A60B63 /* UIKit.framework */,
				B8BA4AF81468630D00A60B63 /* CoreGraphics.framework */,
				B8BA4AFA1468630D00A60B63 /* AddressBook.framework */,
				B8BA4AFC1468630D00A60B63 /* AddressBookUI.framework */,
				B8BA4AFE1468630D00A60B63 /* AudioToolbox.framework */,
				B8BA4B001468630D00A60B63 /* AVFoundation.framework */,
				B8BA4B021468630D00A60B63 /* CoreLocation.framework */,
				B8BA4B041468630D00A60B63 /* MediaPlayer.framework */,
				B8BA4B061468630D00A60B63 /* QuartzCore.framework */,
				B8BA4B081468630D00A60B63 /* SystemConfiguration.framework */,
				B8BA4B0A1468630D00A60B63 /* MobileCoreServices.framework */,
				B8BA4B0C1468630D00A60B63 /* CoreMedia.framework */,
			);
			name = Frameworks;
			sourceTree = "<group>";
		};
		B8BA4B0E1468630D00A60B63 /* tedxparis */ = {
			isa = PBXGroup;
			children = (
				B8BA4B171468630D00A60B63 /* PhoneGap.framework */,
				B8BA4B191468630D00A60B63 /* Resources */,
				B8BA4B2C1468630D00A60B63 /* Classes */,
				B8BA4B301468630D00A60B63 /* Plugins */,
				B8BA4B0F1468630D00A60B63 /* Supporting Files */,
			);
			path = tedxparis;
			sourceTree = "<group>";
		};
		B8BA4B0F1468630D00A60B63 /* Supporting Files */ = {
			isa = PBXGroup;
			children = (
				B8BA4B101468630D00A60B63 /* tedxparis-Info.plist */,
				B8BA4B111468630D00A60B63 /* InfoPlist.strings */,
				B8BA4B141468630D00A60B63 /* main.m */,
				B8BA4B161468630D00A60B63 /* tedxparis-Prefix.pch */,
				B8BA4B2A1468630D00A60B63 /* PhoneGap.plist */,
			);
			name = "Supporting Files";
			sourceTree = "<group>";
		};
		B8BA4B191468630D00A60B63 /* Resources */ = {
			isa = PBXGroup;
			children = (
				B8BA4B281468630D00A60B63 /* Capture.bundle */,
				B8BA4B1A1468630D00A60B63 /* icons */,
				B8BA4B211468630D00A60B63 /* splash */,
			);
			name = Resources;
			sourceTree = "<group>";
		};
		B8BA4B1A1468630D00A60B63 /* icons */ = {
			isa = PBXGroup;
			children = (
				B8BA4B1B1468630D00A60B63 /* icon.png */,
				B8BA4B1D1468630D00A60B63 /* icon@2x.png */,
				B8BA4B1F1468630D00A60B63 /* icon-72.png */,
			);
			name = icons;
			sourceTree = "<group>";
		};
		B8BA4B211468630D00A60B63 /* splash */ = {
			isa = PBXGroup;
			children = (
				B8BA4B221468630D00A60B63 /* Default.png */,
				B8BA4B241468630D00A60B63 /* Default@2x.png */,
				B8BA4B261468630D00A60B63 /* Default~ipad.png */,
			);
			name = splash;
			sourceTree = "<group>";
		};
		B8BA4B2C1468630D00A60B63 /* Classes */ = {
			isa = PBXGroup;
			children = (
				B8BA4B2D1468630D00A60B63 /* AppDelegate.h */,
				B8BA4B2E1468630D00A60B63 /* AppDelegate.m */,
			);
			name = Classes;
			sourceTree = "<group>";
		};
		B8BA4B301468630D00A60B63 /* Plugins */ = {
			isa = PBXGroup;
			children = (
				B8BA4B311468630D00A60B63 /* README */,
			);
			name = Plugins;
			sourceTree = "<group>";
		};
/* End PBXGroup section */

/* Begin PBXNativeTarget section */
		B8BA4AEF1468630D00A60B63 /* tedxparis */ = {
			isa = PBXNativeTarget;
			buildConfigurationList = B8BA4B341468630D00A60B63 /* Build configuration list for PBXNativeTarget "tedxparis" */;
			buildPhases = (
				B8BA4AE91468630D00A60B63 /* Sources */,
				B8BA4AEA1468630D00A60B63 /* Frameworks */,
				B8BA4AEB1468630D00A60B63 /* Resources */,
				B8BA4AEC1468630D00A60B63 /* Sources */,
				B8BA4AED1468630D00A60B63 /* Frameworks */,
				B8BA4AEE1468630D00A60B63 /* ShellScript */,
			);
			buildRules = (
			);
			dependencies = (
			);
			name = tedxparis;
			productName = tedxparis;
			productReference = B8BA4AF01468630D00A60B63 /* tedxparis.app */;
			productType = "com.apple.product-type.application";
		};
/* End PBXNativeTarget section */

/* Begin PBXProject section */
		B8BA4AE41468630D00A60B63 /* Project object */ = {
			isa = PBXProject;
			buildConfigurationList = B8BA4AE71468630D00A60B63 /* Build configuration list for PBXProject "tedxparis" */;
			compatibilityVersion = "Xcode 3.2";
			developmentRegion = English;
			hasScannedForEncodings = 0;
			knownRegions = (
				en,
			);
			mainGroup = B8BA4AE21468630D00A60B63;
			productRefGroup = B8BA4AF11468630D00A60B63 /* Products */;
			projectDirPath = "";
			projectRoot = "";
			targets = (
				B8BA4AEF1468630D00A60B63 /* tedxparis */,
			);
		};
/* End PBXProject section */

/* Begin PBXResourcesBuildPhase section */
		B8BA4AEB1468630D00A60B63 /* Resources */ = {
			isa = PBXResourcesBuildPhase;
			buildActionMask = 2147483647;
			files = (
				B8BA4B131468630D00A60B63 /* InfoPlist.strings in Resources */,
				B8BA4B1C1468630D00A60B63 /* icon.png in Resources */,
				B8BA4B1E1468630D00A60B63 /* icon@2x.png in Resources */,
				B8BA4B201468630D00A60B63 /* icon-72.png in Resources */,
				B8BA4B231468630D00A60B63 /* Default.png in Resources */,
				B8BA4B251468630D00A60B63 /* Default@2x.png in Resources */,
				B8BA4B271468630D00A60B63 /* Default~ipad.png in Resources */,
				B8BA4B291468630D00A60B63 /* Capture.bundle in Resources */,
				B8BA4B2B1468630D00A60B63 /* PhoneGap.plist in Resources */,
			);
			runOnlyForDeploymentPostprocessing = 0;
		};
/* End PBXResourcesBuildPhase section */

/* Begin PBXShellScriptBuildPhase section */
		B8BA4AEE1468630D00A60B63 /* ShellScript */ = {
			isa = PBXShellScriptBuildPhase;
			buildActionMask = 2147483647;
			files = (
			);
			inputPaths = (
			);
			outputPaths = (
			);
			runOnlyForDeploymentPostprocessing = 0;
			shellPath = /bin/bash;
			shellScript = "\n\t\t\t\t\t\t\t\tif [ ! -d \"$PROJECT_DIR/www\" ] ; then\n\t\t\t\t\t\t\t\t\tcp -R /Users/Shared/PhoneGap/Frameworks/PhoneGap.framework/www \"$PROJECT_DIR\"\n\t\t\t\t\t\t\t\tfi\n\t\t\t\t\t\t\t\t# detect www folder reference in project, if missing, print warning\n\t\t\t\t\t\t\t\tgrep \"{isa = PBXFileReference; lastKnownFileType = folder; path = www; sourceTree = \\\"<group>\\\"; };\" \"$PROJECT_DIR/$PROJECT_NAME.xcodeproj/project.pbxproj\"\n\t\t\t\t\t\t\t\trc=$? \n\t\t\t\t\t\t\t\tif [ $rc != 0 ] ; then\n\t\t\t\t\t\t\t\techo -e \"warning: Missing - Add $PROJECT_DIR/www as a folder reference in your project. Just drag and drop the folder into your project, in Xcode 4.\" 1>&2\n\t\t\t\t\t\t\t\tfi\t\t\t\t\t\t\t";
		};
/* End PBXShellScriptBuildPhase section */

/* Begin PBXSourcesBuildPhase section */
		B8BA4AE91468630D00A60B63 /* Sources */ = {
			isa = PBXSourcesBuildPhase;
			buildActionMask = 2147483647;
			files = (
				B8BA4B151468630D00A60B63 /* main.m in Sources */,
				B8BA4B2F1468630D00A60B63 /* AppDelegate.m in Sources */,
			);
			runOnlyForDeploymentPostprocessing = 0;
		};
		B8BA4AEC1468630D00A60B63 /* Sources */ = {
			isa = PBXSourcesBuildPhase;
			buildActionMask = 2147483647;
			files = (
			);
			runOnlyForDeploymentPostprocessing = 0;
		};
/* End PBXSourcesBuildPhase section */

/* Begin PBXVariantGroup section */
		B8BA4B111468630D00A60B63 /* InfoPlist.strings */ = {
			isa = PBXVariantGroup;
			children = (
				B8BA4B121468630D00A60B63 /* en */,
			);
			name = InfoPlist.strings;
			sourceTree = "<group>";
		};
/* End PBXVariantGroup section */

/* Begin XCBuildConfiguration section */
		B8BA4B321468630D00A60B63 /* Debug */ = {
			isa = XCBuildConfiguration;
			buildSettings = {
				ALWAYS_SEARCH_USER_PATHS = NO;
				ARCHS = "$(ARCHS_STANDARD_32_BIT)";
				CLANG_ENABLE_OBJC_ARC = YES;
				"CODE_SIGN_IDENTITY[sdk=iphoneos*]" = "iPhone Developer";
				COPY_PHASE_STRIP = NO;
				GCC_C_LANGUAGE_STANDARD = gnu99;
				GCC_DYNAMIC_NO_PIC = NO;
				GCC_OPTIMIZATION_LEVEL = 0;
				GCC_PREPROCESSOR_DEFINITIONS = (
					"DEBUG=1",
					"$(inherited)",
				);
				GCC_SYMBOLS_PRIVATE_EXTERN = NO;
				GCC_VERSION = com.apple.compilers.llvmgcc42;
				GCC_WARN_ABOUT_MISSING_PROTOTYPES = YES;
				GCC_WARN_ABOUT_RETURN_TYPE = YES;
				GCC_WARN_UNUSED_VARIABLE = YES;
				IPHONEOS_DEPLOYMENT_TARGET = 3.1;
				SDKROOT = iphoneos;
			};
			name = Debug;
		};
		B8BA4B331468630D00A60B63 /* Release */ = {
			isa = XCBuildConfiguration;
			buildSettings = {
				ALWAYS_SEARCH_USER_PATHS = NO;
				ARCHS = "$(ARCHS_STANDARD_32_BIT)";
				CLANG_ENABLE_OBJC_ARC = YES;
				"CODE_SIGN_IDENTITY[sdk=iphoneos*]" = "iPhone Developer";
				COPY_PHASE_STRIP = YES;
				GCC_C_LANGUAGE_STANDARD = gnu99;
				GCC_VERSION = com.apple.compilers.llvmgcc42;
				GCC_WARN_ABOUT_MISSING_PROTOTYPES = YES;
				GCC_WARN_ABOUT_RETURN_TYPE = YES;
				GCC_WARN_UNUSED_VARIABLE = YES;
				IPHONEOS_DEPLOYMENT_TARGET = 3.1;
				SDKROOT = iphoneos;
				VALIDATE_PRODUCT = YES;
			};
			name = Release;
		};
		B8BA4B351468630D00A60B63 /* Debug */ = {
			isa = XCBuildConfiguration;
			buildSettings = {
				ALWAYS_SEARCH_USER_PATHS = YES;
				COPY_PHASE_STRIP = NO;
				FRAMEWORK_SEARCH_PATHS = /Users/Shared/PhoneGap/Frameworks;
				GCC_DYNAMIC_NO_PIC = NO;
				GCC_PRECOMPILE_PREFIX_HEADER = YES;
				GCC_PREFIX_HEADER = "tedxparis/tedxparis-Prefix.pch";
				GCC_PREPROCESSOR_DEFINITIONS = "PHONEGAP_FRAMEWORK=YES";
				INFOPLIST_FILE = "tedxparis/tedxparis-Info.plist";
				PRODUCT_NAME = "$(TARGET_NAME)";
				WRAPPER_EXTENSION = app;
			};
			name = Debug;
		};
		B8BA4B361468630D00A60B63 /* Release */ = {
			isa = XCBuildConfiguration;
			buildSettings = {
				ALWAYS_SEARCH_USER_PATHS = YES;
				COPY_PHASE_STRIP = YES;
				DEBUG_INFORMATION_FORMAT = "dwarf-with-dsym";
				FRAMEWORK_SEARCH_PATHS = /Users/Shared/PhoneGap/Frameworks;
				GCC_PRECOMPILE_PREFIX_HEADER = YES;
				GCC_PREFIX_HEADER = "tedxparis/tedxparis-Prefix.pch";
				GCC_PREPROCESSOR_DEFINITIONS = "PHONEGAP_FRAMEWORK=YES";
				INFOPLIST_FILE = "tedxparis/tedxparis-Info.plist";
				PRODUCT_NAME = "$(TARGET_NAME)";
				VALIDATE_PRODUCT = YES;
				WRAPPER_EXTENSION = app;
			};
			name = Release;
		};
		B8BA4B371468648100A60B63 /* Distribution */ = {
			isa = XCBuildConfiguration;
			buildSettings = {
				ALWAYS_SEARCH_USER_PATHS = NO;
				ARCHS = "$(ARCHS_STANDARD_32_BIT)";
				CLANG_ENABLE_OBJC_ARC = YES;
				CODE_SIGN_IDENTITY = "iPhone Distribution";
				"CODE_SIGN_IDENTITY[sdk=iphoneos*]" = "iPhone Developer";
				COPY_PHASE_STRIP = YES;
				GCC_C_LANGUAGE_STANDARD = gnu99;
				GCC_VERSION = com.apple.compilers.llvmgcc42;
				GCC_WARN_ABOUT_MISSING_PROTOTYPES = YES;
				GCC_WARN_ABOUT_RETURN_TYPE = YES;
				GCC_WARN_UNUSED_VARIABLE = YES;
				IPHONEOS_DEPLOYMENT_TARGET = 3.1;
				PROVISIONING_PROFILE = "";
				SDKROOT = iphoneos;
				VALIDATE_PRODUCT = YES;
			};
			name = Distribution;
		};
		B8BA4B381468648100A60B63 /* Distribution */ = {
			isa = XCBuildConfiguration;
			buildSettings = {
				ALWAYS_SEARCH_USER_PATHS = YES;
				COPY_PHASE_STRIP = YES;
				DEBUG_INFORMATION_FORMAT = "dwarf-with-dsym";
				FRAMEWORK_SEARCH_PATHS = /Users/Shared/PhoneGap/Frameworks;
				GCC_PRECOMPILE_PREFIX_HEADER = YES;
				GCC_PREFIX_HEADER = "tedxparis/tedxparis-Prefix.pch";
				GCC_PREPROCESSOR_DEFINITIONS = "PHONEGAP_FRAMEWORK=YES";
				INFOPLIST_FILE = "tedxparis/tedxparis-Info.plist";
				PRODUCT_NAME = "$(TARGET_NAME)";
				VALIDATE_PRODUCT = YES;
				WRAPPER_EXTENSION = app;
			};
			name = Distribution;
		};
/* End XCBuildConfiguration section */

/* Begin XCConfigurationList section */
		B8BA4AE71468630D00A60B63 /* Build configuration list for PBXProject "tedxparis" */ = {
			isa = XCConfigurationList;
			buildConfigurations = (
				B8BA4B321468630D00A60B63 /* Debug */,
				B8BA4B331468630D00A60B63 /* Release */,
				B8BA4B371468648100A60B63 /* Distribution */,
			);
			defaultConfigurationIsVisible = 0;
			defaultConfigurationName = Release;
		};
		B8BA4B341468630D00A60B63 /* Build configuration list for PBXNativeTarget "tedxparis" */ = {
			isa = XCConfigurationList;
			buildConfigurations = (
				B8BA4B351468630D00A60B63 /* Debug */,
				B8BA4B361468630D00A60B63 /* Release */,
				B8BA4B381468648100A60B63 /* Distribution */,
			);
			defaultConfigurationIsVisible = 0;
		};
/* End XCConfigurationList section */
	};
	rootObject = B8BA4AE41468630D00A60B63 /* Project object */;
}
